
Microsoft Visual Studio Solution File, Format Version 12.00
# Visual Studio Version 16
VisualStudioVersion = 16.0.30611.23
MinimumVisualStudioVersion = 10.0.40219.1
Project("{9A19103F-16F7-4668-BE54-9A1E7A4F7556}") = "BethanysPieShopHRM.App", "BethanysPieShopHRM.App\BethanysPieShopHRM.App.csproj", "{A1ACDB6D-CD40-4424-A1FB-C31FABE76B99}"
EndProject
Project("{9A19103F-16F7-4668-BE54-9A1E7A4F7556}") = "BethanysPieShopHRM.Shared", "BethanysPieShopHRM.Shared\BethanysPieShopHRM.Shared.csproj", "{3F0C8AEF-3ACB-473C-BF5B-37BC2B1FC838}"
EndProject
Global
	GlobalSection(SolutionConfigurationPlatforms) = preSolution
		Debug|Any CPU = Debug|Any CPU
		Release|Any CPU = Release|Any CPU
	EndGlobalSection
	GlobalSection(ProjectConfigurationPlatforms) = postSolution
		{A1ACDB6D-CD40-4424-A1FB-C31FABE76B99}.Debug|Any CPU.ActiveCfg = Debug|Any CPU
		{A1ACDB6D-CD40-4424-A1FB-C31FABE76B99}.Debug|Any CPU.Build.0 = Debug|Any CPU
		{A1ACDB6D-CD40-4424-A1FB-C31FABE76B99}.Release|Any CPU.ActiveCfg = Release|Any CPU
		{A1ACDB6D-CD40-4424-A1FB-C31FABE76B99}.Release|Any CPU.Build.0 = Release|Any CPU
		{3F0C8AEF-3ACB-473C-BF5B-37BC2B1FC838}.Debug|Any CPU.ActiveCfg = Debug|Any CPU
		{3F0C8AEF-3ACB-473C-BF5B-37BC2B1FC838}.Debug|Any CPU.Build.0 = Debug|Any CPU
		{3F0C8AEF-3ACB-473C-BF5B-37BC2B1FC838}.Release|Any CPU.ActiveCfg = Release|Any CPU
		{3F0C8AEF-3ACB-473C-BF5B-37BC2B1FC838}.Release|Any CPU.Build.0 = Release|Any CPU
	EndGlobalSection
	GlobalSection(SolutionProperties) = preSolution
		HideSolutionNode = FALSE
	EndGlobalSection
	GlobalSection(ExtensibilityGlobals) = postSolution
		SolutionGuid = {A34E030C-755E-4833-9AB7-1622CF479D2D}
	EndGlobalSection
EndGlobal
